// !$*UTF8*$!
{
	archiveVersion = 1;
	classes = {
	};
	objectVersion = 50;
	objects = {

/* Begin PBXBuildFile section */
		4C4CC3C125DD786200DE818D /* NeumorphicButtonsApp.swift in Sources */ = {isa = PBXBuildFile; fileRef = 4C4CC3C025DD786200DE818D /* NeumorphicButtonsApp.swift */; };
		4C4CC3C325DD786200DE818D /* ContentView.swift in Sources */ = {isa = PBXBuildFile; fileRef = 4C4CC3C225DD786200DE818D /* ContentView.swift */; };
		4C4CC3C525DD786300DE818D /* Assets.xcassets in Resources */ = {isa = PBXBuildFile; fileRef = 4C4CC3C425DD786300DE818D /* Assets.xcassets */; };
		4C4CC3C825DD786300DE818D /* Preview Assets.xcassets in Resources */ = {isa = PBXBuildFile; fileRef = 4C4CC3C725DD786300DE818D /* Preview Assets.xcassets */; };
		4C7B2C4C2627E6BD00314AD6 /* ScreenShot in Resources */ = {isa = PBXBuildFile; fileRef = 4C7B2C4B2627E6BD00314AD6 /* ScreenShot */; };
/* End PBXBuildFile section */

/* Begin PBXFileReference section */
		4C4CC3BD25DD786200DE818D /* NeumorphicButtons.app */ = {isa = PBXFileReference; explicitFileType = wrapper.application; includeInIndex = 0; path = NeumorphicButtons.app; sourceTree = BUILT_PRODUCTS_DIR; };
		4C4CC3C025DD786200DE818D /* NeumorphicButtonsApp.swift */ = {isa = PBXFileReference; lastKnownFileType = sourcecode.swift; path = NeumorphicButtonsApp.swift; sourceTree = "<group>"; };
		4C4CC3C225DD786200DE818D /* ContentView.swift */ = {isa = PBXFileReference; lastKnownFileType = sourcecode.swift; path = ContentView.swift; sourceTree = "<group>"; };
		4C4CC3C425DD786300DE818D /* Assets.xcassets */ = {isa = PBXFileReference; lastKnownFileType = folder.assetcatalog; path = Assets.xcassets; sourceTree = "<group>"; };
		4C4CC3C725DD786300DE818D /* Preview Assets.xcassets */ = {isa = PBXFileReference; lastKnownFileType = folder.assetcatalog; path = "Preview Assets.xcassets"; sourceTree = "<group>"; };
		4C4CC3C925DD786300DE818D /* Info.plist */ = {isa = PBXFileReference; lastKnownFileType = text.plist.xml; path = Info.plist; sourceTree = "<group>"; };
		4C7B2C4B2627E6BD00314AD6 /* ScreenShot */ = {isa = PBXFileReference; lastKnownFileType = folder; path = ScreenShot; sourceTree = "<group>"; };
/* End PBXFileReference section */

/* Begin PBXFrameworksBuildPhase section */
		4C4CC3BA25DD786200DE818D /* Frameworks */ = {
			isa = PBXFrameworksBuildPhase;
			buildActionMask = 2147483647;
			files = (
			);
			runOnlyForDeploymentPostprocessing = 0;
		};
/* End PBXFrameworksBuildPhase section */

/* Begin PBXGroup section */
		4C4CC3B425DD786200DE818D = {
			isa = PBXGroup;
			children = (
				4C4CC3BF25DD786200DE818D /* NeumorphicButtons */,
				4C7B2C4B2627E6BD00314AD6 /* ScreenShot */,
				4C4CC3BE25DD786200DE818D /* Products */,
			);
			sourceTree = "<group>";
		};
		4C4CC3BE25DD786200DE818D /* Products */ = {
			isa = PBXGroup;
			children = (
				4C4CC3BD25DD786200DE818D /* NeumorphicButtons.app */,
			);
			name = Products;
			sourceTree = "<group>";
		};
		4C4CC3BF25DD786200DE818D /* NeumorphicButtons */ = {
			isa = PBXGroup;
			children = (
				4C4CC3C025DD786200DE818D /* NeumorphicButtonsApp.swift */,
				4C4CC3C225DD786200DE818D /* ContentView.swift */,
				4C4CC3C425DD786300DE818D /* Assets.xcassets */,
				4C4CC3C925DD786300DE818D /* Info.plist */,
				4C4CC3C625DD786300DE818D /* Preview Content */,
			);
			path = NeumorphicButtons;
			sourceTree = "<group>";
		};
		4C4CC3C625DD786300DE818D /* Preview Content */ = {
			isa = PBXGroup;
			children = (
				4C4CC3C725DD786300DE818D /* Preview Assets.xcassets */,
			);
			path = "Preview Content";
			sourceTree = "<group>";
		};
/* End PBXGroup section */

/* Begin PBXNativeTarget section */
		4C4CC3BC25DD786200DE818D /* NeumorphicButtons */ = {
			isa = PBXNativeTarget;
			buildConfigurationList = 4C4CC3CC25DD786300DE818D /* Build configuration list for PBXNativeTarget "NeumorphicButtons" */;
			buildPhases = (
				4C4CC3B925DD786200DE818D /* Sources */,
				4C4CC3BA25DD786200DE818D /* Frameworks */,
				4C4CC3BB25DD786200DE818D /* Resources */,
			);
			buildRules = (
			);
			dependencies = (
			);
			name = NeumorphicButtons;
			productName = NeumorphicButtons;
			productReference = 4C4CC3BD25DD786200DE818D /* NeumorphicButtons.app */;
			productType = "com.apple.product-type.application";
		};
/* End PBXNativeTarget section */

/* Begin PBXProject section */
		4C4CC3B525DD786200DE818D /* Project object */ = {
			isa = PBXProject;
			attributes = {
				LastSwiftUpdateCheck = 1240;
				LastUpgradeCheck = 1240;
				TargetAttributes = {
					4C4CC3BC25DD786200DE818D = {
						CreatedOnToolsVersion = 12.4;
					};
				};
			};
			buildConfigurationList = 4C4CC3B825DD786200DE818D /* Build configuration list for PBXProject "NeumorphicButtons" */;
			compatibilityVersion = "Xcode 9.3";
			developmentRegion = en;
			hasScannedForEncodings = 0;
			knownRegions = (
				en,
				Base,
			);
			mainGroup = 4C4CC3B425DD786200DE818D;
			productRefGroup = 4C4CC3BE25DD786200DE818D /* Products */;
			projectDirPath = "";
			projectRoot = "";
			targets = (
				4C4CC3BC25DD786200DE818D /* NeumorphicButtons */,
			);
		};
/* End PBXProject section */

/* Begin PBXResourcesBuildPhase section */
		4C4CC3BB25DD786200DE818D /* Resources */ = {
			isa = PBXResourcesBuildPhase;
			buildActionMask = 2147483647;
			files = (
				4C4CC3C825DD786300DE818D /* Preview Assets.xcassets in Resources */,
				4C4CC3C525DD786300DE818D /* Assets.xcassets in Resources */,
				4C7B2C4C2627E6BD00314AD6 /* ScreenShot in Resources */,
			);
			runOnlyForDeploymentPostprocessing = 0;
		};
/* End PBXResourcesBuildPhase section */

/* Begin PBXSourcesBuildPhase section */
		4C4CC3B925DD786200DE818D /* Sources */ = {
			isa = PBXSourcesBuildPhase;
			buildActionMask = 2147483647;
			files = (
				4C4CC3C325DD786200DE818D /* ContentView.swift in Sources */,
				4C4CC3C125DD786200DE818D /* NeumorphicButtonsApp.swift in Sources */,
			);
			runOnlyForDeploymentPostprocessing = 0;
		};
/* End PBXSourcesBuildPhase section */

/* Begin XCBuildConfiguration section */
		4C4CC3CA25DD786300DE818D /* Debug */ = {
			isa = XCBuildConfiguration;
			buildSettings = {
				ALWAYS_SEARCH_USER_PATHS = NO;
				CLANG_ANALYZER_NONNULL = YES;
				CLANG_ANALYZER_NUMBER_OBJECT_CONVERSION = YES_AGGRESSIVE;
				CLANG_CXX_LANGUAGE_STANDARD = "gnu++14";
				CLANG_CXX_LIBRARY = "libc++";
				CLANG_ENABLE_MODULES = YES;
				CLANG_ENABLE_OBJC_ARC = YES;
				CLANG_ENABLE_OBJC_WEAK = YES;
				CLANG_WARN_BLOCK_CAPTURE_AUTORELEASING = YES;
				CLANG_WARN_BOOL_CONVERSION = YES;
				CLANG_WARN_COMMA = YES;
				CLANG_WARN_CONSTANT_CONVERSION = YES;
				CLANG_WARN_DEPRECATED_OBJC_IMPLEMENTATIONS = YES;
				CLANG_WARN_DIRECT_OBJC_ISA_USAGE = YES_ERROR;
				CLANG_WARN_DOCUMENTATION_COMMENTS = YES;
				CLANG_WARN_EMPTY_BODY = YES;
				CLANG_WARN_ENUM_CONVERSION = YES;
				CLANG_WARN_INFINITE_RECURSION = YES;
				CLANG_WARN_INT_CONVERSION = YES;
				CLANG_WARN_NON_LITERAL_NULL_CONVERSION = YES;
				CLANG_WARN_OBJC_IMPLICIT_RETAIN_SELF = YES;
				CLANG_WARN_OBJC_LITERAL_CONVERSION = YES;
				CLANG_WARN_OBJC_ROOT_CLASS = YES_ERROR;
				CLANG_WARN_QUOTED_INCLUDE_IN_FRAMEWORK_HEADER = YES;
				CLANG_WARN_RANGE_LOOP_ANALYSIS = YES;
				CLANG_WARN_STRICT_PROTOTYPES = YES;
				CLANG_WARN_SUSPICIOUS_MOVE = YES;
				CLANG_WARN_UNGUARDED_AVAILABILITY = YES_AGGRESSIVE;
				CLANG_WARN_UNREACHABLE_CODE = YES;
				CLANG_WARN__DUPLICATE_METHOD_MATCH = YES;
				COPY_PHASE_STRIP = NO;
				DEBUG_INFORMATION_FORMAT = dwarf;
				ENABLE_STRICT_OBJC_MSGSEND = YES;
				ENABLE_TESTABILITY = YES;
				GCC_C_LANGUAGE_STANDARD = gnu11;
				GCC_DYNAMIC_NO_PIC = NO;
				GCC_NO_COMMON_BLOCKS = YES;
				GCC_OPTIMIZATION_LEVEL = 0;
				GCC_PREPROCESSOR_DEFINITIONS = (
					"DEBUG=1",
					"$(inherited)",
				);
				GCC_WARN_64_TO_32_BIT_CONVERSION = YES;
				GCC_WARN_ABOUT_RETURN_TYPE = YES_ERROR;
				GCC_WARN_UNDECLARED_SELECTOR = YES;
				GCC_WARN_UNINITIALIZED_AUTOS = YES_AGGRESSIVE;
				GCC_WARN_UNUSED_FUNCTION = YES;
				GCC_WARN_UNUSED_VARIABLE = YES;
				IPHONEOS_DEPLOYMENT_TARGET = 14.4;
				MTL_ENABLE_DEBUG_INFO = INCLUDE_SOURCE;
				MTL_FAST_MATH = YES;
				ONLY_ACTIVE_ARCH = YES;
				SDKROOT = iphoneos;
				SWIFT_ACTIVE_COMPILATION_CONDITIONS = DEBUG;
				SWIFT_OPTIMIZATION_LEVEL = "-Onone";
			};
			name = Debug;
		};
		4C4CC3CB25DD786300DE818D /* Release */ = {
			isa = XCBuildConfiguration;
			buildSettings = {
				ALWAYS_SEARCH_USER_PATHS = NO;
				CLANG_ANALYZER_NONNULL = YES;
				CLANG_ANALYZER_NUMBER_OBJECT_CONVERSION = YES_AGGRESSIVE;
				CLANG_CXX_LANGUAGE_STANDARD = "gnu++14";
				CLANG_CXX_LIBRARY = "libc++";
				CLANG_ENABLE_MODULES = YES;
				CLANG_ENABLE_OBJC_ARC = YES;
				CLANG_ENABLE_OBJC_WEAK = YES;
				CLANG_WARN_BLOCK_CAPTURE_AUTORELEASING = YES;
				CLANG_WARN_BOOL_CONVERSION = YES;
				CLANG_WARN_COMMA = YES;
				CLANG_WARN_CONSTANT_CONVERSION = YES;
				CLANG_WARN_DEPRECATED_OBJC_IMPLEMENTATIONS = YES;
				CLANG_WARN_DIRECT_OBJC_ISA_USAGE = YES_ERROR;
				CLANG_WARN_DOCUMENTATION_COMMENTS = YES;
				CLANG_WARN_EMPTY_BODY = YES;
				CLANG_WARN_ENUM_CONVERSION = YES;
				CLANG_WARN_INFINITE_RECURSION = YES;
				CLANG_WARN_INT_CONVERSION = YES;
				CLANG_WARN_NON_LITERAL_NULL_CONVERSION = YES;
				CLANG_WARN_OBJC_IMPLICIT_RETAIN_SELF = YES;
				CLANG_WARN_OBJC_LITERAL_CONVERSION = YES;
				CLANG_WARN_OBJC_ROOT_CLASS = YES_ERROR;
				CLANG_WARN_QUOTED_INCLUDE_IN_FRAMEWORK_HEADER = YES;
				CLANG_WARN_RANGE_LOOP_ANALYSIS = YES;
				CLANG_WARN_STRICT_PROTOTYPES = YES;
				CLANG_WARN_SUSPICIOUS_MOVE = YES;
				CLANG_WARN_UNGUARDED_AVAILABILITY = YES_AGGRESSIVE;
				CLANG_WARN_UNREACHABLE_CODE = YES;
				CLANG_WARN__DUPLICATE_METHOD_MATCH = YES;
				COPY_PHASE_STRIP = NO;
				DEBUG_INFORMATION_FORMAT = "dwarf-with-dsym";
				ENABLE_NS_ASSERTIONS = NO;
				ENABLE_STRICT_OBJC_MSGSEND = YES;
				GCC_C_LANGUAGE_STANDARD = gnu11;
				GCC_NO_COMMON_BLOCKS = YES;
				GCC_WARN_64_TO_32_BIT_CONVERSION = YES;
				GCC_WARN_ABOUT_RETURN_TYPE = YES_ERROR;
				GCC_WARN_UNDECLARED_SELECTOR = YES;
				GCC_WARN_UNINITIALIZED_AUTOS = YES_AGGRESSIVE;
				GCC_WARN_UNUSED_FUNCTION = YES;
				GCC_WARN_UNUSED_VARIABLE = YES;
				IPHONEOS_DEPLOYMENT_TARGET = 14.4;
				MTL_ENABLE_DEBUG_INFO = NO;
				MTL_FAST_MATH = YES;
				SDKROOT = iphoneos;
				SWIFT_COMPILATION_MODE = wholemodule;
				SWIFT_OPTIMIZATION_LEVEL = "-O";
				VALIDATE_PRODUCT = YES;
			};
			name = Release;
		};
		4C4CC3CD25DD786300DE818D /* Debug */ = {
			isa = XCBuildConfiguration;
			buildSettings = {
				ASSETCATALOG_COMPILER_APPICON_NAME = AppIcon;
				ASSETCATALOG_COMPILER_GLOBAL_ACCENT_COLOR_NAME = AccentColor;
				CODE_SIGN_STYLE = Automatic;
				DEVELOPMENT_ASSET_PATHS = "\"NeumorphicButtons/Preview Content\"";
				DEVELOPMENT_TEAM = VPQX32MD83;
				ENABLE_PREVIEWS = YES;
				INFOPLIST_FILE = NeumorphicButtons/Info.plist;
				IPHONEOS_DEPLOYMENT_TARGET = 14.0;
				LD_RUNPATH_SEARCH_PATHS = (
					"$(inherited)",
					"@executable_path/Frameworks",
				);
				PRODUCT_BUNDLE_IDENTIFIER = maria.NeumorphicButtons;
				PRODUCT_NAME = "$(TARGET_NAME)";
				SWIFT_VERSION = 5.0;
				TARGETED_DEVICE_FAMILY = "1,2";
			};
			name = Debug;
		};
		4C4CC3CE25DD786300DE818D /* Release */ = {
			isa = XCBuildConfiguration;
			buildSettings = {
				ASSETCATALOG_COMPILER_APPICON_NAME = AppIcon;
				ASSETCATALOG_COMPILER_GLOBAL_ACCENT_COLOR_NAME = AccentColor;
				CODE_SIGN_STYLE = Automatic;
				DEVELOPMENT_ASSET_PATHS = "\"NeumorphicButtons/Preview Content\"";
				DEVELOPMENT_TEAM = VPQX32MD83;
				ENABLE_PREVIEWS = YES;
				INFOPLIST_FILE = NeumorphicButtons/Info.plist;
				IPHONEOS_DEPLOYMENT_TARGET = 14.0;
				LD_RUNPATH_SEARCH_PATHS = (
					"$(inherited)",
					"@executable_path/Frameworks",
				);
				PRODUCT_BUNDLE_IDENTIFIER = maria.NeumorphicButtons;
				PRODUCT_NAME = "$(TARGET_NAME)";
				SWIFT_VERSION = 5.0;
				TARGETED_DEVICE_FAMILY = "1,2";
			};
			name = Release;
		};
/* End XCBuildConfiguration section */

/* Begin XCConfigurationList section */
		4C4CC3B825DD786200DE818D /* Build configuration list for PBXProject "NeumorphicButtons" */ = {
			isa = XCConfigurationList;
			buildConfigurations = (
				4C4CC3CA25DD786300DE818D /* Debug */,
				4C4CC3CB25DD786300DE818D /* Release */,
			);
			defaultConfigurationIsVisible = 0;
			defaultConfigurationName = Release;
		};
		4C4CC3CC25DD786300DE818D /* Build configuration list for PBXNativeTarget "NeumorphicButtons" */ = {
			isa = XCConfigurationList;
			buildConfigurations = (
				4C4CC3CD25DD786300DE818D /* Debug */,
				4C4CC3CE25DD786300DE818D /* Release */,
			);
			defaultConfigurationIsVisible = 0;
			defaultConfigurationName = Release;
		};
/* End XCConfigurationList section */
	};
	rootObject = 4C4CC3B525DD786200DE818D /* Project object */;
}
